
Microsoft Visual Studio Solution File, Format Version 12.00
# Visual Studio Version 17
VisualStudioVersion = 17.12.35514.174
MinimumVisualStudioVersion = 10.0.40219.1
Project("{2150E333-8FDC-42A3-9474-1A3956D46DE8}") = "src", "src", "{76669311-F676-4AB6-B411-3C3B9C02C50A}"
	ProjectSection(SolutionItems) = preProject
		.env = .env
		docker-compose.yaml = docker-compose.yaml
		Dockerfile = Dockerfile
	EndProjectSection
EndProject
Project("{2150E333-8FDC-42A3-9474-1A3956D46DE8}") = "tests", "tests", "{CAB23C34-681C-48CA-A9D0-74DD184C145F}"
EndProject
Project("{FAE04EC0-301F-11D3-BF4B-00C04F79EFBC}") = "Users.Application", "Users.Application\Users.Application.csproj", "{48D27618-063D-443C-9073-70502B9287A6}"
EndProject
Project("{FAE04EC0-301F-11D3-BF4B-00C04F79EFBC}") = "Users.Domain", "Users.Domain\Users.Domain.csproj", "{58B87094-3140-4C45-9316-D903194D7271}"
EndProject
Project("{FAE04EC0-301F-11D3-BF4B-00C04F79EFBC}") = "Users.Infrastructure", "Users.Infrastructure\Users.Infrastructure.csproj", "{ECF21CC9-459C-456D-A182-0682E1DCFC41}"
EndProject
Project("{FAE04EC0-301F-11D3-BF4B-00C04F79EFBC}") = "Users.Persistence", "Users.Persistence\Users.Persistence.csproj", "{5091662F-D4D1-4E3C-B457-DD1503FCA4A0}"
EndProject
Project("{FAE04EC0-301F-11D3-BF4B-00C04F79EFBC}") = "Users.WebApi", "Users.WebApi\Users.WebApi.csproj", "{2E52D347-9073-413C-A25F-EF1DD4A91B8D}"
EndProject
Project("{2150E333-8FDC-42A3-9474-1A3956D46DE8}") = "Core", "Core", "{C2C14757-3AF0-4AB2-AAE1-4FB631EBA3EB}"
EndProject
Project("{2150E333-8FDC-42A3-9474-1A3956D46DE8}") = "Infrastructure", "Infrastructure", "{89001BF5-BDEA-4989-955F-94EDF159E6BC}"
EndProject
Project("{2150E333-8FDC-42A3-9474-1A3956D46DE8}") = "WebApi", "WebApi", "{4827A862-95D8-492B-A14C-5FBAFF4C77AB}"
EndProject
Project("{2150E333-8FDC-42A3-9474-1A3956D46DE8}") = "Solution Items", "Solution Items", "{91A6E99F-C344-4CB9-90EB-CCB38F3AAE75}"
	ProjectSection(SolutionItems) = preProject
		README.md = README.md
	EndProjectSection
EndProject
Project("{FAE04EC0-301F-11D3-BF4B-00C04F79EFBC}") = "Users.Application.Tests", "tests\Users.Application.Tests\Users.Application.Tests.csproj", "{9F9644D4-6929-4EA9-9B41-BD371BAC2036}"
EndProject
Project("{FAE04EC0-301F-11D3-BF4B-00C04F79EFBC}") = "Users.Architecture.Tests", "tests\Users.Architecture.Tests\Users.Architecture.Tests.csproj", "{A2ABCD9C-66D2-4813-840B-3661D6CF341F}"
EndProject
Global
	GlobalSection(SolutionConfigurationPlatforms) = preSolution
		Debug|Any CPU = Debug|Any CPU
		Release|Any CPU = Release|Any CPU
	EndGlobalSection
	GlobalSection(ProjectConfigurationPlatforms) = postSolution
		{48D27618-063D-443C-9073-70502B9287A6}.Debug|Any CPU.ActiveCfg = Debug|Any CPU
		{48D27618-063D-443C-9073-70502B9287A6}.Debug|Any CPU.Build.0 = Debug|Any CPU
		{48D27618-063D-443C-9073-70502B9287A6}.Release|Any CPU.ActiveCfg = Release|Any CPU
		{48D27618-063D-443C-9073-70502B9287A6}.Release|Any CPU.Build.0 = Release|Any CPU
		{58B87094-3140-4C45-9316-D903194D7271}.Debug|Any CPU.ActiveCfg = Debug|Any CPU
		{58B87094-3140-4C45-9316-D903194D7271}.Debug|Any CPU.Build.0 = Debug|Any CPU
		{58B87094-3140-4C45-9316-D903194D7271}.Release|Any CPU.ActiveCfg = Release|Any CPU
		{58B87094-3140-4C45-9316-D903194D7271}.Release|Any CPU.Build.0 = Release|Any CPU
		{ECF21CC9-459C-456D-A182-0682E1DCFC41}.Debug|Any CPU.ActiveCfg = Debug|Any CPU
		{ECF21CC9-459C-456D-A182-0682E1DCFC41}.Debug|Any CPU.Build.0 = Debug|Any CPU
		{ECF21CC9-459C-456D-A182-0682E1DCFC41}.Release|Any CPU.ActiveCfg = Release|Any CPU
		{ECF21CC9-459C-456D-A182-0682E1DCFC41}.Release|Any CPU.Build.0 = Release|Any CPU
		{5091662F-D4D1-4E3C-B457-DD1503FCA4A0}.Debug|Any CPU.ActiveCfg = Debug|Any CPU
		{5091662F-D4D1-4E3C-B457-DD1503FCA4A0}.Debug|Any CPU.Build.0 = Debug|Any CPU
		{5091662F-D4D1-4E3C-B457-DD1503FCA4A0}.Release|Any CPU.ActiveCfg = Release|Any CPU
		{5091662F-D4D1-4E3C-B457-DD1503FCA4A0}.Release|Any CPU.Build.0 = Release|Any CPU
		{2E52D347-9073-413C-A25F-EF1DD4A91B8D}.Debug|Any CPU.ActiveCfg = Debug|Any CPU
		{2E52D347-9073-413C-A25F-EF1DD4A91B8D}.Debug|Any CPU.Build.0 = Debug|Any CPU
		{2E52D347-9073-413C-A25F-EF1DD4A91B8D}.Release|Any CPU.ActiveCfg = Release|Any CPU
		{2E52D347-9073-413C-A25F-EF1DD4A91B8D}.Release|Any CPU.Build.0 = Release|Any CPU
		{9F9644D4-6929-4EA9-9B41-BD371BAC2036}.Debug|Any CPU.ActiveCfg = Debug|Any CPU
		{9F9644D4-6929-4EA9-9B41-BD371BAC2036}.Debug|Any CPU.Build.0 = Debug|Any CPU
		{9F9644D4-6929-4EA9-9B41-BD371BAC2036}.Release|Any CPU.ActiveCfg = Release|Any CPU
		{9F9644D4-6929-4EA9-9B41-BD371BAC2036}.Release|Any CPU.Build.0 = Release|Any CPU
		{A2ABCD9C-66D2-4813-840B-3661D6CF341F}.Debug|Any CPU.ActiveCfg = Debug|Any CPU
		{A2ABCD9C-66D2-4813-840B-3661D6CF341F}.Debug|Any CPU.Build.0 = Debug|Any CPU
		{A2ABCD9C-66D2-4813-840B-3661D6CF341F}.Release|Any CPU.ActiveCfg = Release|Any CPU
		{A2ABCD9C-66D2-4813-840B-3661D6CF341F}.Release|Any CPU.Build.0 = Release|Any CPU
	EndGlobalSection
	GlobalSection(SolutionProperties) = preSolution
		HideSolutionNode = FALSE
	EndGlobalSection
	GlobalSection(NestedProjects) = preSolution
		{48D27618-063D-443C-9073-70502B9287A6} = {C2C14757-3AF0-4AB2-AAE1-4FB631EBA3EB}
		{58B87094-3140-4C45-9316-D903194D7271} = {C2C14757-3AF0-4AB2-AAE1-4FB631EBA3EB}
		{ECF21CC9-459C-456D-A182-0682E1DCFC41} = {89001BF5-BDEA-4989-955F-94EDF159E6BC}
		{5091662F-D4D1-4E3C-B457-DD1503FCA4A0} = {89001BF5-BDEA-4989-955F-94EDF159E6BC}
		{2E52D347-9073-413C-A25F-EF1DD4A91B8D} = {4827A862-95D8-492B-A14C-5FBAFF4C77AB}
		{C2C14757-3AF0-4AB2-AAE1-4FB631EBA3EB} = {76669311-F676-4AB6-B411-3C3B9C02C50A}
		{89001BF5-BDEA-4989-955F-94EDF159E6BC} = {76669311-F676-4AB6-B411-3C3B9C02C50A}
		{4827A862-95D8-492B-A14C-5FBAFF4C77AB} = {76669311-F676-4AB6-B411-3C3B9C02C50A}
		{9F9644D4-6929-4EA9-9B41-BD371BAC2036} = {CAB23C34-681C-48CA-A9D0-74DD184C145F}
		{A2ABCD9C-66D2-4813-840B-3661D6CF341F} = {CAB23C34-681C-48CA-A9D0-74DD184C145F}
	EndGlobalSection
EndGlobal
